// !$*UTF8*$!
{
	archiveVersion = 1;
	classes = {
	};
	objectVersion = 50;
	objects = {

/* Begin PBXBuildFile section */
		9F5F46BE2622212800D0DE6D /* AppDelegate.swift in Sources */ = {isa = PBXBuildFile; fileRef = 9F5F46BD2622212800D0DE6D /* AppDelegate.swift */; };
		9F5F46C02622212800D0DE6D /* SceneDelegate.swift in Sources */ = {isa = PBXBuildFile; fileRef = 9F5F46BF2622212800D0DE6D /* SceneDelegate.swift */; };
		9F5F46C22622212800D0DE6D /* ViewController.swift in Sources */ = {isa = PBXBuildFile; fileRef = 9F5F46C12622212800D0DE6D /* ViewController.swift */; };
		9F5F46C52622212800D0DE6D /* Main.storyboard in Resources */ = {isa = PBXBuildFile; fileRef = 9F5F46C32622212800D0DE6D /* Main.storyboard */; };
		9F5F46C72622212C00D0DE6D /* Assets.xcassets in Resources */ = {isa = PBXBuildFile; fileRef = 9F5F46C62622212C00D0DE6D /* Assets.xcassets */; };
		9F5F46CA2622212C00D0DE6D /* LaunchScreen.storyboard in Resources */ = {isa = PBXBuildFile; fileRef = 9F5F46C82622212C00D0DE6D /* LaunchScreen.storyboard */; };
		9F5F46D3262222F300D0DE6D /* EmpleadosViewController.swift in Sources */ = {isa = PBXBuildFile; fileRef = 9F5F46D2262222F300D0DE6D /* EmpleadosViewController.swift */; };
		9F5F46D62622279300D0DE6D /* DetalleViewController.swift in Sources */ = {isa = PBXBuildFile; fileRef = 9F5F46D52622279300D0DE6D /* DetalleViewController.swift */; };
/* End PBXBuildFile section */

/* Begin PBXFileReference section */
		9F5F46BA2622212800D0DE6D /* NavigationController-UITableView.app */ = {isa = PBXFileReference; explicitFileType = wrapper.application; includeInIndex = 0; path = "NavigationController-UITableView.app"; sourceTree = BUILT_PRODUCTS_DIR; };
		9F5F46BD2622212800D0DE6D /* AppDelegate.swift */ = {isa = PBXFileReference; lastKnownFileType = sourcecode.swift; path = AppDelegate.swift; sourceTree = "<group>"; };
		9F5F46BF2622212800D0DE6D /* SceneDelegate.swift */ = {isa = PBXFileReference; lastKnownFileType = sourcecode.swift; path = SceneDelegate.swift; sourceTree = "<group>"; };
		9F5F46C12622212800D0DE6D /* ViewController.swift */ = {isa = PBXFileReference; lastKnownFileType = sourcecode.swift; path = ViewController.swift; sourceTree = "<group>"; };
		9F5F46C42622212800D0DE6D /* Base */ = {isa = PBXFileReference; lastKnownFileType = file.storyboard; name = Base; path = Base.lproj/Main.storyboard; sourceTree = "<group>"; };
		9F5F46C62622212C00D0DE6D /* Assets.xcassets */ = {isa = PBXFileReference; lastKnownFileType = folder.assetcatalog; path = Assets.xcassets; sourceTree = "<group>"; };
		9F5F46C92622212C00D0DE6D /* Base */ = {isa = PBXFileReference; lastKnownFileType = file.storyboard; name = Base; path = Base.lproj/LaunchScreen.storyboard; sourceTree = "<group>"; };
		9F5F46CB2622212C00D0DE6D /* Info.plist */ = {isa = PBXFileReference; lastKnownFileType = text.plist.xml; path = Info.plist; sourceTree = "<group>"; };
		9F5F46D2262222F300D0DE6D /* EmpleadosViewController.swift */ = {isa = PBXFileReference; lastKnownFileType = sourcecode.swift; path = EmpleadosViewController.swift; sourceTree = "<group>"; };
		9F5F46D52622279300D0DE6D /* DetalleViewController.swift */ = {isa = PBXFileReference; lastKnownFileType = sourcecode.swift; path = DetalleViewController.swift; sourceTree = "<group>"; };
/* End PBXFileReference section */

/* Begin PBXFrameworksBuildPhase section */
		9F5F46B72622212800D0DE6D /* Frameworks */ = {
			isa = PBXFrameworksBuildPhase;
			buildActionMask = 2147483647;
			files = (
			);
			runOnlyForDeploymentPostprocessing = 0;
		};
/* End PBXFrameworksBuildPhase section */

/* Begin PBXGroup section */
		9F5F46B12622212800D0DE6D = {
			isa = PBXGroup;
			children = (
				9F5F46BC2622212800D0DE6D /* NavigationController-UITableView */,
				9F5F46BB2622212800D0DE6D /* Products */,
			);
			sourceTree = "<group>";
		};
		9F5F46BB2622212800D0DE6D /* Products */ = {
			isa = PBXGroup;
			children = (
				9F5F46BA2622212800D0DE6D /* NavigationController-UITableView.app */,
			);
			name = Products;
			sourceTree = "<group>";
		};
		9F5F46BC2622212800D0DE6D /* NavigationController-UITableView */ = {
			isa = PBXGroup;
			children = (
				9F5F46BD2622212800D0DE6D /* AppDelegate.swift */,
				9F5F46BF2622212800D0DE6D /* SceneDelegate.swift */,
				9F5F46C12622212800D0DE6D /* ViewController.swift */,
				9F5F46C32622212800D0DE6D /* Main.storyboard */,
				9F5F46C62622212C00D0DE6D /* Assets.xcassets */,
				9F5F46C82622212C00D0DE6D /* LaunchScreen.storyboard */,
				9F5F46CB2622212C00D0DE6D /* Info.plist */,
				9F5F46D2262222F300D0DE6D /* EmpleadosViewController.swift */,
				9F5F46D52622279300D0DE6D /* DetalleViewController.swift */,
			);
			path = "NavigationController-UITableView";
			sourceTree = "<group>";
		};
/* End PBXGroup section */

/* Begin PBXNativeTarget section */
		9F5F46B92622212800D0DE6D /* NavigationController-UITableView */ = {
			isa = PBXNativeTarget;
			buildConfigurationList = 9F5F46CE2622212C00D0DE6D /* Build configuration list for PBXNativeTarget "NavigationController-UITableView" */;
			buildPhases = (
				9F5F46B62622212800D0DE6D /* Sources */,
				9F5F46B72622212800D0DE6D /* Frameworks */,
				9F5F46B82622212800D0DE6D /* Resources */,
			);
			buildRules = (
			);
			dependencies = (
			);
			name = "NavigationController-UITableView";
			productName = "NavigationController-UITableView";
			productReference = 9F5F46BA2622212800D0DE6D /* NavigationController-UITableView.app */;
			productType = "com.apple.product-type.application";
		};
/* End PBXNativeTarget section */

/* Begin PBXProject section */
		9F5F46B22622212800D0DE6D /* Project object */ = {
			isa = PBXProject;
			attributes = {
				LastSwiftUpdateCheck = 1240;
				LastUpgradeCheck = 1240;
				TargetAttributes = {
					9F5F46B92622212800D0DE6D = {
						CreatedOnToolsVersion = 12.4;
					};
				};
			};
			buildConfigurationList = 9F5F46B52622212800D0DE6D /* Build configuration list for PBXProject "NavigationController-UITableView" */;
			compatibilityVersion = "Xcode 9.3";
			developmentRegion = en;
			hasScannedForEncodings = 0;
			knownRegions = (
				en,
				Base,
			);
			mainGroup = 9F5F46B12622212800D0DE6D;
			productRefGroup = 9F5F46BB2622212800D0DE6D /* Products */;
			projectDirPath = "";
			projectRoot = "";
			targets = (
				9F5F46B92622212800D0DE6D /* NavigationController-UITableView */,
			);
		};
/* End PBXProject section */

/* Begin PBXResourcesBuildPhase section */
		9F5F46B82622212800D0DE6D /* Resources */ = {
			isa = PBXResourcesBuildPhase;
			buildActionMask = 2147483647;
			files = (
				9F5F46CA2622212C00D0DE6D /* LaunchScreen.storyboard in Resources */,
				9F5F46C72622212C00D0DE6D /* Assets.xcassets in Resources */,
				9F5F46C52622212800D0DE6D /* Main.storyboard in Resources */,
			);
			runOnlyForDeploymentPostprocessing = 0;
		};
/* End PBXResourcesBuildPhase section */

/* Begin PBXSourcesBuildPhase section */
		9F5F46B62622212800D0DE6D /* Sources */ = {
			isa = PBXSourcesBuildPhase;
			buildActionMask = 2147483647;
			files = (
				9F5F46C22622212800D0DE6D /* ViewController.swift in Sources */,
				9F5F46D62622279300D0DE6D /* DetalleViewController.swift in Sources */,
				9F5F46D3262222F300D0DE6D /* EmpleadosViewController.swift in Sources */,
				9F5F46BE2622212800D0DE6D /* AppDelegate.swift in Sources */,
				9F5F46C02622212800D0DE6D /* SceneDelegate.swift in Sources */,
			);
			runOnlyForDeploymentPostprocessing = 0;
		};
/* End PBXSourcesBuildPhase section */

/* Begin PBXVariantGroup section */
		9F5F46C32622212800D0DE6D /* Main.storyboard */ = {
			isa = PBXVariantGroup;
			children = (
				9F5F46C42622212800D0DE6D /* Base */,
			);
			name = Main.storyboard;
			sourceTree = "<group>";
		};
		9F5F46C82622212C00D0DE6D /* LaunchScreen.storyboard */ = {
			isa = PBXVariantGroup;
			children = (
				9F5F46C92622212C00D0DE6D /* Base */,
			);
			name = LaunchScreen.storyboard;
			sourceTree = "<group>";
		};
/* End PBXVariantGroup section */

/* Begin XCBuildConfiguration section */
		9F5F46CC2622212C00D0DE6D /* Debug */ = {
			isa = XCBuildConfiguration;
			buildSettings = {
				ALWAYS_SEARCH_USER_PATHS = NO;
				CLANG_ANALYZER_NONNULL = YES;
				CLANG_ANALYZER_NUMBER_OBJECT_CONVERSION = YES_AGGRESSIVE;
				CLANG_CXX_LANGUAGE_STANDARD = "gnu++14";
				CLANG_CXX_LIBRARY = "libc++";
				CLANG_ENABLE_MODULES = YES;
				CLANG_ENABLE_OBJC_ARC = YES;
				CLANG_ENABLE_OBJC_WEAK = YES;
				CLANG_WARN_BLOCK_CAPTURE_AUTORELEASING = YES;
				CLANG_WARN_BOOL_CONVERSION = YES;
				CLANG_WARN_COMMA = YES;
				CLANG_WARN_CONSTANT_CONVERSION = YES;
				CLANG_WARN_DEPRECATED_OBJC_IMPLEMENTATIONS = YES;
				CLANG_WARN_DIRECT_OBJC_ISA_USAGE = YES_ERROR;
				CLANG_WARN_DOCUMENTATION_COMMENTS = YES;
				CLANG_WARN_EMPTY_BODY = YES;
				CLANG_WARN_ENUM_CONVERSION = YES;
				CLANG_WARN_INFINITE_RECURSION = YES;
				CLANG_WARN_INT_CONVERSION = YES;
				CLANG_WARN_NON_LITERAL_NULL_CONVERSION = YES;
				CLANG_WARN_OBJC_IMPLICIT_RETAIN_SELF = YES;
				CLANG_WARN_OBJC_LITERAL_CONVERSION = YES;
				CLANG_WARN_OBJC_ROOT_CLASS = YES_ERROR;
				CLANG_WARN_QUOTED_INCLUDE_IN_FRAMEWORK_HEADER = YES;
				CLANG_WARN_RANGE_LOOP_ANALYSIS = YES;
				CLANG_WARN_STRICT_PROTOTYPES = YES;
				CLANG_WARN_SUSPICIOUS_MOVE = YES;
				CLANG_WARN_UNGUARDED_AVAILABILITY = YES_AGGRESSIVE;
				CLANG_WARN_UNREACHABLE_CODE = YES;
				CLANG_WARN__DUPLICATE_METHOD_MATCH = YES;
				COPY_PHASE_STRIP = NO;
				DEBUG_INFORMATION_FORMAT = dwarf;
				ENABLE_STRICT_OBJC_MSGSEND = YES;
				ENABLE_TESTABILITY = YES;
				GCC_C_LANGUAGE_STANDARD = gnu11;
				GCC_DYNAMIC_NO_PIC = NO;
				GCC_NO_COMMON_BLOCKS = YES;
				GCC_OPTIMIZATION_LEVEL = 0;
				GCC_PREPROCESSOR_DEFINITIONS = (
					"DEBUG=1",
					"$(inherited)",
				);
				GCC_WARN_64_TO_32_BIT_CONVERSION = YES;
				GCC_WARN_ABOUT_RETURN_TYPE = YES_ERROR;
				GCC_WARN_UNDECLARED_SELECTOR = YES;
				GCC_WARN_UNINITIALIZED_AUTOS = YES_AGGRESSIVE;
				GCC_WARN_UNUSED_FUNCTION = YES;
				GCC_WARN_UNUSED_VARIABLE = YES;
				IPHONEOS_DEPLOYMENT_TARGET = 14.4;
				MTL_ENABLE_DEBUG_INFO = INCLUDE_SOURCE;
				MTL_FAST_MATH = YES;
				ONLY_ACTIVE_ARCH = YES;
				SDKROOT = iphoneos;
				SWIFT_ACTIVE_COMPILATION_CONDITIONS = DEBUG;
				SWIFT_OPTIMIZATION_LEVEL = "-Onone";
			};
			name = Debug;
		};
		9F5F46CD2622212C00D0DE6D /* Release */ = {
			isa = XCBuildConfiguration;
			buildSettings = {
				ALWAYS_SEARCH_USER_PATHS = NO;
				CLANG_ANALYZER_NONNULL = YES;
				CLANG_ANALYZER_NUMBER_OBJECT_CONVERSION = YES_AGGRESSIVE;
				CLANG_CXX_LANGUAGE_STANDARD = "gnu++14";
				CLANG_CXX_LIBRARY = "libc++";
				CLANG_ENABLE_MODULES = YES;
				CLANG_ENABLE_OBJC_ARC = YES;
				CLANG_ENABLE_OBJC_WEAK = YES;
				CLANG_WARN_BLOCK_CAPTURE_AUTORELEASING = YES;
				CLANG_WARN_BOOL_CONVERSION = YES;
				CLANG_WARN_COMMA = YES;
				CLANG_WARN_CONSTANT_CONVERSION = YES;
				CLANG_WARN_DEPRECATED_OBJC_IMPLEMENTATIONS = YES;
				CLANG_WARN_DIRECT_OBJC_ISA_USAGE = YES_ERROR;
				CLANG_WARN_DOCUMENTATION_COMMENTS = YES;
				CLANG_WARN_EMPTY_BODY = YES;
				CLANG_WARN_ENUM_CONVERSION = YES;
				CLANG_WARN_INFINITE_RECURSION = YES;
				CLANG_WARN_INT_CONVERSION = YES;
				CLANG_WARN_NON_LITERAL_NULL_CONVERSION = YES;
				CLANG_WARN_OBJC_IMPLICIT_RETAIN_SELF = YES;
				CLANG_WARN_OBJC_LITERAL_CONVERSION = YES;
				CLANG_WARN_OBJC_ROOT_CLASS = YES_ERROR;
				CLANG_WARN_QUOTED_INCLUDE_IN_FRAMEWORK_HEADER = YES;
				CLANG_WARN_RANGE_LOOP_ANALYSIS = YES;
				CLANG_WARN_STRICT_PROTOTYPES = YES;
				CLANG_WARN_SUSPICIOUS_MOVE = YES;
				CLANG_WARN_UNGUARDED_AVAILABILITY = YES_AGGRESSIVE;
				CLANG_WARN_UNREACHABLE_CODE = YES;
				CLANG_WARN__DUPLICATE_METHOD_MATCH = YES;
				COPY_PHASE_STRIP = NO;
				DEBUG_INFORMATION_FORMAT = "dwarf-with-dsym";
				ENABLE_NS_ASSERTIONS = NO;
				ENABLE_STRICT_OBJC_MSGSEND = YES;
				GCC_C_LANGUAGE_STANDARD = gnu11;
				GCC_NO_COMMON_BLOCKS = YES;
				GCC_WARN_64_TO_32_BIT_CONVERSION = YES;
				GCC_WARN_ABOUT_RETURN_TYPE = YES_ERROR;
				GCC_WARN_UNDECLARED_SELECTOR = YES;
				GCC_WARN_UNINITIALIZED_AUTOS = YES_AGGRESSIVE;
				GCC_WARN_UNUSED_FUNCTION = YES;
				GCC_WARN_UNUSED_VARIABLE = YES;
				IPHONEOS_DEPLOYMENT_TARGET = 14.4;
				MTL_ENABLE_DEBUG_INFO = NO;
				MTL_FAST_MATH = YES;
				SDKROOT = iphoneos;
				SWIFT_COMPILATION_MODE = wholemodule;
				SWIFT_OPTIMIZATION_LEVEL = "-O";
				VALIDATE_PRODUCT = YES;
			};
			name = Release;
		};
		9F5F46CF2622212C00D0DE6D /* Debug */ = {
			isa = XCBuildConfiguration;
			buildSettings = {
				ASSETCATALOG_COMPILER_APPICON_NAME = AppIcon;
				ASSETCATALOG_COMPILER_GLOBAL_ACCENT_COLOR_NAME = AccentColor;
				CODE_SIGN_STYLE = Automatic;
				DEVELOPMENT_TEAM = CP7KBY6JD6;
				INFOPLIST_FILE = "NavigationController-UITableView/Info.plist";
				LD_RUNPATH_SEARCH_PATHS = (
					"$(inherited)",
					"@executable_path/Frameworks",
				);
				PRODUCT_BUNDLE_IDENTIFIER = "igv.com.NavigationController-UITableView";
				PRODUCT_NAME = "$(TARGET_NAME)";
				SWIFT_VERSION = 5.0;
				TARGETED_DEVICE_FAMILY = "1,2";
			};
			name = Debug;
		};
		9F5F46D02622212C00D0DE6D /* Release */ = {
			isa = XCBuildConfiguration;
			buildSettings = {
				ASSETCATALOG_COMPILER_APPICON_NAME = AppIcon;
				ASSETCATALOG_COMPILER_GLOBAL_ACCENT_COLOR_NAME = AccentColor;
				CODE_SIGN_STYLE = Automatic;
				DEVELOPMENT_TEAM = CP7KBY6JD6;
				INFOPLIST_FILE = "NavigationController-UITableView/Info.plist";
				LD_RUNPATH_SEARCH_PATHS = (
					"$(inherited)",
					"@executable_path/Frameworks",
				);
				PRODUCT_BUNDLE_IDENTIFIER = "igv.com.NavigationController-UITableView";
				PRODUCT_NAME = "$(TARGET_NAME)";
				SWIFT_VERSION = 5.0;
				TARGETED_DEVICE_FAMILY = "1,2";
			};
			name = Release;
		};
/* End XCBuildConfiguration section */

/* Begin XCConfigurationList section */
		9F5F46B52622212800D0DE6D /* Build configuration list for PBXProject "NavigationController-UITableView" */ = {
			isa = XCConfigurationList;
			buildConfigurations = (
				9F5F46CC2622212C00D0DE6D /* Debug */,
				9F5F46CD2622212C00D0DE6D /* Release */,
			);
			defaultConfigurationIsVisible = 0;
			defaultConfigurationName = Release;
		};
		9F5F46CE2622212C00D0DE6D /* Build configuration list for PBXNativeTarget "NavigationController-UITableView" */ = {
			isa = XCConfigurationList;
			buildConfigurations = (
				9F5F46CF2622212C00D0DE6D /* Debug */,
				9F5F46D02622212C00D0DE6D /* Release */,
			);
			defaultConfigurationIsVisible = 0;
			defaultConfigurationName = Release;
		};
/* End XCConfigurationList section */
	};
	rootObject = 9F5F46B22622212800D0DE6D /* Project object */;
}
