// !$*UTF8*$!
{
	archiveVersion = 1;
	classes = {
	};
	objectVersion = 50;
	objects = {

/* Begin PBXBuildFile section */
		9FBE8BAF262B184800989307 /* AppDelegate.swift in Sources */ = {isa = PBXBuildFile; fileRef = 9FBE8BAE262B184800989307 /* AppDelegate.swift */; };
		9FBE8BB1262B184800989307 /* SceneDelegate.swift in Sources */ = {isa = PBXBuildFile; fileRef = 9FBE8BB0262B184800989307 /* SceneDelegate.swift */; };
		9FBE8BB3262B184800989307 /* ViewController.swift in Sources */ = {isa = PBXBuildFile; fileRef = 9FBE8BB2262B184800989307 /* ViewController.swift */; };
		9FBE8BB6262B184800989307 /* Main.storyboard in Resources */ = {isa = PBXBuildFile; fileRef = 9FBE8BB4262B184800989307 /* Main.storyboard */; };
		9FBE8BB8262B184B00989307 /* Assets.xcassets in Resources */ = {isa = PBXBuildFile; fileRef = 9FBE8BB7262B184B00989307 /* Assets.xcassets */; };
		9FBE8BBB262B184B00989307 /* LaunchScreen.storyboard in Resources */ = {isa = PBXBuildFile; fileRef = 9FBE8BB9262B184B00989307 /* LaunchScreen.storyboard */; };
		9FBE8BCF262B1ADE00989307 /* libros in Resources */ = {isa = PBXBuildFile; fileRef = 9FBE8BCE262B1ADE00989307 /* libros */; };
		9FBE8BD6262B24D400989307 /* mostrarPDFViewController.swift in Sources */ = {isa = PBXBuildFile; fileRef = 9FBE8BD5262B24D400989307 /* mostrarPDFViewController.swift */; };
/* End PBXBuildFile section */

/* Begin PBXFileReference section */
		9FBE8BAB262B184800989307 /* visorPDF.app */ = {isa = PBXFileReference; explicitFileType = wrapper.application; includeInIndex = 0; path = visorPDF.app; sourceTree = BUILT_PRODUCTS_DIR; };
		9FBE8BAE262B184800989307 /* AppDelegate.swift */ = {isa = PBXFileReference; lastKnownFileType = sourcecode.swift; path = AppDelegate.swift; sourceTree = "<group>"; };
		9FBE8BB0262B184800989307 /* SceneDelegate.swift */ = {isa = PBXFileReference; lastKnownFileType = sourcecode.swift; path = SceneDelegate.swift; sourceTree = "<group>"; };
		9FBE8BB2262B184800989307 /* ViewController.swift */ = {isa = PBXFileReference; lastKnownFileType = sourcecode.swift; path = ViewController.swift; sourceTree = "<group>"; };
		9FBE8BB5262B184800989307 /* Base */ = {isa = PBXFileReference; lastKnownFileType = file.storyboard; name = Base; path = Base.lproj/Main.storyboard; sourceTree = "<group>"; };
		9FBE8BB7262B184B00989307 /* Assets.xcassets */ = {isa = PBXFileReference; lastKnownFileType = folder.assetcatalog; path = Assets.xcassets; sourceTree = "<group>"; };
		9FBE8BBA262B184B00989307 /* Base */ = {isa = PBXFileReference; lastKnownFileType = file.storyboard; name = Base; path = Base.lproj/LaunchScreen.storyboard; sourceTree = "<group>"; };
		9FBE8BBC262B184B00989307 /* Info.plist */ = {isa = PBXFileReference; lastKnownFileType = text.plist.xml; path = Info.plist; sourceTree = "<group>"; };
		9FBE8BCE262B1ADE00989307 /* libros */ = {isa = PBXFileReference; lastKnownFileType = folder; path = libros; sourceTree = "<group>"; };
		9FBE8BD5262B24D400989307 /* mostrarPDFViewController.swift */ = {isa = PBXFileReference; lastKnownFileType = sourcecode.swift; path = mostrarPDFViewController.swift; sourceTree = "<group>"; };
/* End PBXFileReference section */

/* Begin PBXFrameworksBuildPhase section */
		9FBE8BA8262B184800989307 /* Frameworks */ = {
			isa = PBXFrameworksBuildPhase;
			buildActionMask = 2147483647;
			files = (
			);
			runOnlyForDeploymentPostprocessing = 0;
		};
/* End PBXFrameworksBuildPhase section */

/* Begin PBXGroup section */
		9FBE8BA2262B184800989307 = {
			isa = PBXGroup;
			children = (
				9FBE8BAD262B184800989307 /* visorPDF */,
				9FBE8BAC262B184800989307 /* Products */,
			);
			sourceTree = "<group>";
		};
		9FBE8BAC262B184800989307 /* Products */ = {
			isa = PBXGroup;
			children = (
				9FBE8BAB262B184800989307 /* visorPDF.app */,
			);
			name = Products;
			sourceTree = "<group>";
		};
		9FBE8BAD262B184800989307 /* visorPDF */ = {
			isa = PBXGroup;
			children = (
				9FBE8BAE262B184800989307 /* AppDelegate.swift */,
				9FBE8BB0262B184800989307 /* SceneDelegate.swift */,
				9FBE8BB2262B184800989307 /* ViewController.swift */,
				9FBE8BB4262B184800989307 /* Main.storyboard */,
				9FBE8BB7262B184B00989307 /* Assets.xcassets */,
				9FBE8BB9262B184B00989307 /* LaunchScreen.storyboard */,
				9FBE8BBC262B184B00989307 /* Info.plist */,
				9FBE8BCE262B1ADE00989307 /* libros */,
				9FBE8BD5262B24D400989307 /* mostrarPDFViewController.swift */,
			);
			path = visorPDF;
			sourceTree = "<group>";
		};
/* End PBXGroup section */

/* Begin PBXNativeTarget section */
		9FBE8BAA262B184800989307 /* visorPDF */ = {
			isa = PBXNativeTarget;
			buildConfigurationList = 9FBE8BBF262B184B00989307 /* Build configuration list for PBXNativeTarget "visorPDF" */;
			buildPhases = (
				9FBE8BA7262B184800989307 /* Sources */,
				9FBE8BA8262B184800989307 /* Frameworks */,
				9FBE8BA9262B184800989307 /* Resources */,
			);
			buildRules = (
			);
			dependencies = (
			);
			name = visorPDF;
			productName = visorPDF;
			productReference = 9FBE8BAB262B184800989307 /* visorPDF.app */;
			productType = "com.apple.product-type.application";
		};
/* End PBXNativeTarget section */

/* Begin PBXProject section */
		9FBE8BA3262B184800989307 /* Project object */ = {
			isa = PBXProject;
			attributes = {
				LastSwiftUpdateCheck = 1240;
				LastUpgradeCheck = 1240;
				TargetAttributes = {
					9FBE8BAA262B184800989307 = {
						CreatedOnToolsVersion = 12.4;
					};
				};
			};
			buildConfigurationList = 9FBE8BA6262B184800989307 /* Build configuration list for PBXProject "visorPDF" */;
			compatibilityVersion = "Xcode 9.3";
			developmentRegion = en;
			hasScannedForEncodings = 0;
			knownRegions = (
				en,
				Base,
			);
			mainGroup = 9FBE8BA2262B184800989307;
			productRefGroup = 9FBE8BAC262B184800989307 /* Products */;
			projectDirPath = "";
			projectRoot = "";
			targets = (
				9FBE8BAA262B184800989307 /* visorPDF */,
			);
		};
/* End PBXProject section */

/* Begin PBXResourcesBuildPhase section */
		9FBE8BA9262B184800989307 /* Resources */ = {
			isa = PBXResourcesBuildPhase;
			buildActionMask = 2147483647;
			files = (
				9FBE8BBB262B184B00989307 /* LaunchScreen.storyboard in Resources */,
				9FBE8BCF262B1ADE00989307 /* libros in Resources */,
				9FBE8BB8262B184B00989307 /* Assets.xcassets in Resources */,
				9FBE8BB6262B184800989307 /* Main.storyboard in Resources */,
			);
			runOnlyForDeploymentPostprocessing = 0;
		};
/* End PBXResourcesBuildPhase section */

/* Begin PBXSourcesBuildPhase section */
		9FBE8BA7262B184800989307 /* Sources */ = {
			isa = PBXSourcesBuildPhase;
			buildActionMask = 2147483647;
			files = (
				9FBE8BB3262B184800989307 /* ViewController.swift in Sources */,
				9FBE8BAF262B184800989307 /* AppDelegate.swift in Sources */,
				9FBE8BD6262B24D400989307 /* mostrarPDFViewController.swift in Sources */,
				9FBE8BB1262B184800989307 /* SceneDelegate.swift in Sources */,
			);
			runOnlyForDeploymentPostprocessing = 0;
		};
/* End PBXSourcesBuildPhase section */

/* Begin PBXVariantGroup section */
		9FBE8BB4262B184800989307 /* Main.storyboard */ = {
			isa = PBXVariantGroup;
			children = (
				9FBE8BB5262B184800989307 /* Base */,
			);
			name = Main.storyboard;
			sourceTree = "<group>";
		};
		9FBE8BB9262B184B00989307 /* LaunchScreen.storyboard */ = {
			isa = PBXVariantGroup;
			children = (
				9FBE8BBA262B184B00989307 /* Base */,
			);
			name = LaunchScreen.storyboard;
			sourceTree = "<group>";
		};
/* End PBXVariantGroup section */

/* Begin XCBuildConfiguration section */
		9FBE8BBD262B184B00989307 /* Debug */ = {
			isa = XCBuildConfiguration;
			buildSettings = {
				ALWAYS_SEARCH_USER_PATHS = NO;
				CLANG_ANALYZER_NONNULL = YES;
				CLANG_ANALYZER_NUMBER_OBJECT_CONVERSION = YES_AGGRESSIVE;
				CLANG_CXX_LANGUAGE_STANDARD = "gnu++14";
				CLANG_CXX_LIBRARY = "libc++";
				CLANG_ENABLE_MODULES = YES;
				CLANG_ENABLE_OBJC_ARC = YES;
				CLANG_ENABLE_OBJC_WEAK = YES;
				CLANG_WARN_BLOCK_CAPTURE_AUTORELEASING = YES;
				CLANG_WARN_BOOL_CONVERSION = YES;
				CLANG_WARN_COMMA = YES;
				CLANG_WARN_CONSTANT_CONVERSION = YES;
				CLANG_WARN_DEPRECATED_OBJC_IMPLEMENTATIONS = YES;
				CLANG_WARN_DIRECT_OBJC_ISA_USAGE = YES_ERROR;
				CLANG_WARN_DOCUMENTATION_COMMENTS = YES;
				CLANG_WARN_EMPTY_BODY = YES;
				CLANG_WARN_ENUM_CONVERSION = YES;
				CLANG_WARN_INFINITE_RECURSION = YES;
				CLANG_WARN_INT_CONVERSION = YES;
				CLANG_WARN_NON_LITERAL_NULL_CONVERSION = YES;
				CLANG_WARN_OBJC_IMPLICIT_RETAIN_SELF = YES;
				CLANG_WARN_OBJC_LITERAL_CONVERSION = YES;
				CLANG_WARN_OBJC_ROOT_CLASS = YES_ERROR;
				CLANG_WARN_QUOTED_INCLUDE_IN_FRAMEWORK_HEADER = YES;
				CLANG_WARN_RANGE_LOOP_ANALYSIS = YES;
				CLANG_WARN_STRICT_PROTOTYPES = YES;
				CLANG_WARN_SUSPICIOUS_MOVE = YES;
				CLANG_WARN_UNGUARDED_AVAILABILITY = YES_AGGRESSIVE;
				CLANG_WARN_UNREACHABLE_CODE = YES;
				CLANG_WARN__DUPLICATE_METHOD_MATCH = YES;
				COPY_PHASE_STRIP = NO;
				DEBUG_INFORMATION_FORMAT = dwarf;
				ENABLE_STRICT_OBJC_MSGSEND = YES;
				ENABLE_TESTABILITY = YES;
				GCC_C_LANGUAGE_STANDARD = gnu11;
				GCC_DYNAMIC_NO_PIC = NO;
				GCC_NO_COMMON_BLOCKS = YES;
				GCC_OPTIMIZATION_LEVEL = 0;
				GCC_PREPROCESSOR_DEFINITIONS = (
					"DEBUG=1",
					"$(inherited)",
				);
				GCC_WARN_64_TO_32_BIT_CONVERSION = YES;
				GCC_WARN_ABOUT_RETURN_TYPE = YES_ERROR;
				GCC_WARN_UNDECLARED_SELECTOR = YES;
				GCC_WARN_UNINITIALIZED_AUTOS = YES_AGGRESSIVE;
				GCC_WARN_UNUSED_FUNCTION = YES;
				GCC_WARN_UNUSED_VARIABLE = YES;
				IPHONEOS_DEPLOYMENT_TARGET = 14.4;
				MTL_ENABLE_DEBUG_INFO = INCLUDE_SOURCE;
				MTL_FAST_MATH = YES;
				ONLY_ACTIVE_ARCH = YES;
				SDKROOT = iphoneos;
				SWIFT_ACTIVE_COMPILATION_CONDITIONS = DEBUG;
				SWIFT_OPTIMIZATION_LEVEL = "-Onone";
			};
			name = Debug;
		};
		9FBE8BBE262B184B00989307 /* Release */ = {
			isa = XCBuildConfiguration;
			buildSettings = {
				ALWAYS_SEARCH_USER_PATHS = NO;
				CLANG_ANALYZER_NONNULL = YES;
				CLANG_ANALYZER_NUMBER_OBJECT_CONVERSION = YES_AGGRESSIVE;
				CLANG_CXX_LANGUAGE_STANDARD = "gnu++14";
				CLANG_CXX_LIBRARY = "libc++";
				CLANG_ENABLE_MODULES = YES;
				CLANG_ENABLE_OBJC_ARC = YES;
				CLANG_ENABLE_OBJC_WEAK = YES;
				CLANG_WARN_BLOCK_CAPTURE_AUTORELEASING = YES;
				CLANG_WARN_BOOL_CONVERSION = YES;
				CLANG_WARN_COMMA = YES;
				CLANG_WARN_CONSTANT_CONVERSION = YES;
				CLANG_WARN_DEPRECATED_OBJC_IMPLEMENTATIONS = YES;
				CLANG_WARN_DIRECT_OBJC_ISA_USAGE = YES_ERROR;
				CLANG_WARN_DOCUMENTATION_COMMENTS = YES;
				CLANG_WARN_EMPTY_BODY = YES;
				CLANG_WARN_ENUM_CONVERSION = YES;
				CLANG_WARN_INFINITE_RECURSION = YES;
				CLANG_WARN_INT_CONVERSION = YES;
				CLANG_WARN_NON_LITERAL_NULL_CONVERSION = YES;
				CLANG_WARN_OBJC_IMPLICIT_RETAIN_SELF = YES;
				CLANG_WARN_OBJC_LITERAL_CONVERSION = YES;
				CLANG_WARN_OBJC_ROOT_CLASS = YES_ERROR;
				CLANG_WARN_QUOTED_INCLUDE_IN_FRAMEWORK_HEADER = YES;
				CLANG_WARN_RANGE_LOOP_ANALYSIS = YES;
				CLANG_WARN_STRICT_PROTOTYPES = YES;
				CLANG_WARN_SUSPICIOUS_MOVE = YES;
				CLANG_WARN_UNGUARDED_AVAILABILITY = YES_AGGRESSIVE;
				CLANG_WARN_UNREACHABLE_CODE = YES;
				CLANG_WARN__DUPLICATE_METHOD_MATCH = YES;
				COPY_PHASE_STRIP = NO;
				DEBUG_INFORMATION_FORMAT = "dwarf-with-dsym";
				ENABLE_NS_ASSERTIONS = NO;
				ENABLE_STRICT_OBJC_MSGSEND = YES;
				GCC_C_LANGUAGE_STANDARD = gnu11;
				GCC_NO_COMMON_BLOCKS = YES;
				GCC_WARN_64_TO_32_BIT_CONVERSION = YES;
				GCC_WARN_ABOUT_RETURN_TYPE = YES_ERROR;
				GCC_WARN_UNDECLARED_SELECTOR = YES;
				GCC_WARN_UNINITIALIZED_AUTOS = YES_AGGRESSIVE;
				GCC_WARN_UNUSED_FUNCTION = YES;
				GCC_WARN_UNUSED_VARIABLE = YES;
				IPHONEOS_DEPLOYMENT_TARGET = 14.4;
				MTL_ENABLE_DEBUG_INFO = NO;
				MTL_FAST_MATH = YES;
				SDKROOT = iphoneos;
				SWIFT_COMPILATION_MODE = wholemodule;
				SWIFT_OPTIMIZATION_LEVEL = "-O";
				VALIDATE_PRODUCT = YES;
			};
			name = Release;
		};
		9FBE8BC0262B184B00989307 /* Debug */ = {
			isa = XCBuildConfiguration;
			buildSettings = {
				ASSETCATALOG_COMPILER_APPICON_NAME = AppIcon;
				ASSETCATALOG_COMPILER_GLOBAL_ACCENT_COLOR_NAME = AccentColor;
				CODE_SIGN_STYLE = Automatic;
				DEVELOPMENT_TEAM = CP7KBY6JD6;
				INFOPLIST_FILE = visorPDF/Info.plist;
				LD_RUNPATH_SEARCH_PATHS = (
					"$(inherited)",
					"@executable_path/Frameworks",
				);
				PRODUCT_BUNDLE_IDENTIFIER = igv.com.visorPDF;
				PRODUCT_NAME = "$(TARGET_NAME)";
				SWIFT_VERSION = 5.0;
				TARGETED_DEVICE_FAMILY = "1,2";
			};
			name = Debug;
		};
		9FBE8BC1262B184B00989307 /* Release */ = {
			isa = XCBuildConfiguration;
			buildSettings = {
				ASSETCATALOG_COMPILER_APPICON_NAME = AppIcon;
				ASSETCATALOG_COMPILER_GLOBAL_ACCENT_COLOR_NAME = AccentColor;
				CODE_SIGN_STYLE = Automatic;
				DEVELOPMENT_TEAM = CP7KBY6JD6;
				INFOPLIST_FILE = visorPDF/Info.plist;
				LD_RUNPATH_SEARCH_PATHS = (
					"$(inherited)",
					"@executable_path/Frameworks",
				);
				PRODUCT_BUNDLE_IDENTIFIER = igv.com.visorPDF;
				PRODUCT_NAME = "$(TARGET_NAME)";
				SWIFT_VERSION = 5.0;
				TARGETED_DEVICE_FAMILY = "1,2";
			};
			name = Release;
		};
/* End XCBuildConfiguration section */

/* Begin XCConfigurationList section */
		9FBE8BA6262B184800989307 /* Build configuration list for PBXProject "visorPDF" */ = {
			isa = XCConfigurationList;
			buildConfigurations = (
				9FBE8BBD262B184B00989307 /* Debug */,
				9FBE8BBE262B184B00989307 /* Release */,
			);
			defaultConfigurationIsVisible = 0;
			defaultConfigurationName = Release;
		};
		9FBE8BBF262B184B00989307 /* Build configuration list for PBXNativeTarget "visorPDF" */ = {
			isa = XCConfigurationList;
			buildConfigurations = (
				9FBE8BC0262B184B00989307 /* Debug */,
				9FBE8BC1262B184B00989307 /* Release */,
			);
			defaultConfigurationIsVisible = 0;
			defaultConfigurationName = Release;
		};
/* End XCConfigurationList section */
	};
	rootObject = 9FBE8BA3262B184800989307 /* Project object */;
}
